{
  "nodes": {
    "contractabi": {
      "inputs": {
        "flakeNimbleLib": [
          "flakeNimbleLib"
        ],
        "nimcrypto": "nimcrypto",
        "nixpkgs": [
          "nixpkgs"
        ],
        "questionable": "questionable",
        "src-contractabi-0_4_4": "src-contractabi-0_4_4",
        "stew": "stew",
        "stint": "stint",
        "upraises": "upraises"
      },
      "locked": {
        "dir": "0_4_4",
        "lastModified": 1651919976,
        "narHash": "sha256-7I1cosKnlmLDR0l/WNobYZkYhp9gnN/3hOeDr5SnBzY=",
        "owner": "nim-nix-pkgs",
        "repo": "contractabi",
        "rev": "17fc24ffc95adb857ab559376cf9c079ad8235e9",
        "type": "github"
      },
      "original": {
        "dir": "0_4_4",
        "owner": "nim-nix-pkgs",
        "ref": "master",
        "repo": "contractabi",
        "type": "github"
      }
    },
    "flakeNimbleLib": {
      "inputs": {
        "nixpkgs": [
          "nixpkgs"
        ]
      },
      "locked": {
        "lastModified": 1648105061,
        "narHash": "sha256-Je25qNlH4xrH3+m6vIq6yPvdfQ80FRTwX4JOhrRLduc=",
        "owner": "riinr",
        "repo": "nim-flakes-lib",
        "rev": "f1ec5e2f15b9f717c33b6942ce7cb344ff868522",
        "type": "github"
      },
      "original": {
        "owner": "riinr",
        "ref": "master",
        "repo": "nim-flakes-lib",
        "type": "github"
      }
    },
    "nimcrypto": {
      "inputs": {
        "flakeNimbleLib": [
          "contractabi",
          "flakeNimbleLib"
        ],
        "nixpkgs": [
          "contractabi",
          "nixpkgs"
        ],
        "src-nimcrypto-master": "src-nimcrypto-master"
      },
      "locked": {
        "dir": "master",
        "lastModified": 1650750425,
        "narHash": "sha256-gmEuanJDxYK+DGPMh3QNpGit6C/3G9fyDhB/mQfikY0=",
        "owner": "nim-nix-pkgs",
        "repo": "nimcrypto",
        "rev": "c84c49556a90a23e96cbd0a71530be3180bbab54",
        "type": "github"
      },
      "original": {
        "dir": "master",
        "owner": "nim-nix-pkgs",
        "ref": "master",
        "repo": "nimcrypto",
        "type": "github"
      }
    },
    "nimcrypto_2": {
      "inputs": {
        "flakeNimbleLib": [
          "flakeNimbleLib"
        ],
        "nixpkgs": [
          "nixpkgs"
        ],
        "src-nimcrypto-master": "src-nimcrypto-master_2"
      },
      "locked": {
        "dir": "master",
        "lastModified": 1651918189,
        "narHash": "sha256-vwu7UfNS12No1Ynua/YTJjn4hV87daxenNf3uEv4Scs=",
        "owner": "nim-nix-pkgs",
        "repo": "nimcrypto",
        "rev": "35945b32e72643a356df3b403a80d73e677c1796",
        "type": "github"
      },
      "original": {
        "dir": "master",
        "owner": "nim-nix-pkgs",
        "ref": "master",
        "repo": "nimcrypto",
        "type": "github"
      }
    },
    "nimcrypto_3": {
      "inputs": {
        "flakeNimbleLib": [
          "secp256k1",
          "flakeNimbleLib"
        ],
        "nixpkgs": [
          "secp256k1",
          "nixpkgs"
        ],
        "src-nimcrypto-master": "src-nimcrypto-master_3"
      },
      "locked": {
        "dir": "master",
        "lastModified": 1651918189,
        "narHash": "sha256-vwu7UfNS12No1Ynua/YTJjn4hV87daxenNf3uEv4Scs=",
        "owner": "nim-nix-pkgs",
        "repo": "nimcrypto",
        "rev": "35945b32e72643a356df3b403a80d73e677c1796",
        "type": "github"
      },
      "original": {
        "dir": "master",
        "owner": "nim-nix-pkgs",
        "ref": "master",
        "repo": "nimcrypto",
        "type": "github"
      }
    },
    "nixpkgs": {
      "locked": {
        "narHash": "sha256-7sWpWRO0IsBP5jm9qCrpuzDkWC7UAghiCmZZ+1uqHKo=",
        "path": "/nix/store/q2jrkx5a3z6yxzbfai0kxpnqki80jm3l-source",
        "type": "path"
      },
      "original": {
        "id": "nixpkgs",
        "type": "indirect"
      }
    },
    "questionable": {
      "inputs": {
        "flakeNimbleLib": [
          "contractabi",
          "flakeNimbleLib"
        ],
        "nixpkgs": [
          "contractabi",
          "nixpkgs"
        ],
        "src-questionable-0_10_3": "src-questionable-0_10_3"
      },
      "locked": {
        "dir": "0_10_3",
        "lastModified": 1650754385,
        "narHash": "sha256-OySU+ynI1648rho1K/jiuVzqJWRiSpDzFQiDnD/1vUI=",
        "owner": "nim-nix-pkgs",
        "repo": "questionable",
        "rev": "8ca298e1d2fe172f2c94736c408efdd85cd3b04f",
        "type": "github"
      },
      "original": {
        "dir": "0_10_3",
        "owner": "nim-nix-pkgs",
        "ref": "master",
        "repo": "questionable",
        "type": "github"
      }
    },
    "questionable_2": {
      "inputs": {
        "flakeNimbleLib": [
          "flakeNimbleLib"
        ],
        "nixpkgs": [
          "nixpkgs"
        ],
        "src-questionable-0_10_3": "src-questionable-0_10_3_2"
      },
      "locked": {
        "dir": "0_10_3",
        "lastModified": 1651918344,
        "narHash": "sha256-vq72l2I0VZGsKr22m4uUXvhXhVJHH+QfhGxDenZuwHM=",
        "owner": "nim-nix-pkgs",
        "repo": "questionable",
        "rev": "34be3fda58a1cd5bf9be8f587c38bf829325fcb5",
        "type": "github"
      },
      "original": {
        "dir": "0_10_3",
        "owner": "nim-nix-pkgs",
        "ref": "master",
        "repo": "questionable",
        "type": "github"
      }
    },
    "root": {
      "inputs": {
        "contractabi": "contractabi",
        "flakeNimbleLib": "flakeNimbleLib",
        "nimcrypto": "nimcrypto_2",
        "nixpkgs": "nixpkgs",
        "questionable": "questionable_2",
        "secp256k1": "secp256k1",
        "src-nitro-main": "src-nitro-main",
        "stew": "stew_4",
        "stint": "stint_2",
        "upraises": "upraises_2"
      }
    },
    "secp256k1": {
      "inputs": {
        "flakeNimbleLib": [
          "flakeNimbleLib"
        ],
        "nimcrypto": "nimcrypto_3",
        "nixpkgs": [
          "nixpkgs"
        ],
        "src-secp256k1-master": "src-secp256k1-master",
        "stew": "stew_3"
      },
      "locked": {
        "dir": "master",
        "lastModified": 1651919360,
        "narHash": "sha256-NzSVlgwQFV9PLCx25HBy4l8eMVpodVItatZiuGxztAY=",
        "owner": "nim-nix-pkgs",
        "repo": "secp256k1",
        "rev": "66c2b600d26b43f26224c47e50bb0433a25ff54d",
        "type": "github"
      },
      "original": {
        "dir": "master",
        "owner": "nim-nix-pkgs",
        "ref": "master",
        "repo": "secp256k1",
        "type": "github"
      }
    },
    "src-contractabi-0_4_4": {
      "flake": false,
      "locked": {
        "lastModified": 1649825303,
        "narHash": "sha256-Glz1Zs9oPCMcgbTN/S2S1RCAJFLwj8aE8b5Q5wiY+GU=",
        "owner": "status-im",
        "repo": "nim-contract-abi",
        "rev": "b111c27b619fc1d81fb1c6942372824a18a71960",
        "type": "github"
      },
      "original": {
        "owner": "status-im",
        "ref": "refs/tags/0.4.4",
        "repo": "nim-contract-abi",
        "type": "github"
      }
    },
    "src-nimcrypto-master": {
      "flake": false,
      "locked": {
        "lastModified": 1624058888,
        "narHash": "sha256-X/NUVtNS05OBrJTqZIPKd0P6Am4JJDtM9htVFpWWgCo=",
        "owner": "cheatfate",
        "repo": "nimcrypto",
        "rev": "a5742a9a214ac33f91615f3862c7b099aec43b00",
        "type": "github"
      },
      "original": {
        "owner": "cheatfate",
        "ref": "refs/heads/master",
        "repo": "nimcrypto",
        "type": "github"
      }
    },
    "src-nimcrypto-master_2": {
      "flake": false,
      "locked": {
        "lastModified": 1624058888,
        "narHash": "sha256-X/NUVtNS05OBrJTqZIPKd0P6Am4JJDtM9htVFpWWgCo=",
        "owner": "cheatfate",
        "repo": "nimcrypto",
        "rev": "a5742a9a214ac33f91615f3862c7b099aec43b00",
        "type": "github"
      },
      "original": {
        "owner": "cheatfate",
        "ref": "refs/heads/master",
        "repo": "nimcrypto",
        "type": "github"
      }
    },
    "src-nimcrypto-master_3": {
      "flake": false,
      "locked": {
        "lastModified": 1624058888,
        "narHash": "sha256-X/NUVtNS05OBrJTqZIPKd0P6Am4JJDtM9htVFpWWgCo=",
        "owner": "cheatfate",
        "repo": "nimcrypto",
        "rev": "a5742a9a214ac33f91615f3862c7b099aec43b00",
        "type": "github"
      },
      "original": {
        "owner": "cheatfate",
        "ref": "refs/heads/master",
        "repo": "nimcrypto",
        "type": "github"
      }
    },
    "src-nitro-main": {
      "flake": false,
      "locked": {
        "lastModified": 1642581462,
        "narHash": "sha256-2389nNloZ1kWOkP1ZvBesH5Fj2gwLAtniycS4dv4Uvo=",
        "owner": "status-im",
        "repo": "nim-nitro",
        "rev": "9611c36c78b8c3149c7163bc6375b8f611c5960d",
        "type": "github"
      },
      "original": {
        "owner": "status-im",
        "ref": "refs/heads/main",
        "repo": "nim-nitro",
        "type": "github"
      }
    },
    "src-questionable-0_10_3": {
      "flake": false,
      "locked": {
        "lastModified": 1649059013,
        "narHash": "sha256-mEDEG6ThA5W/OMTzrIMHJkR3CDBOWqouTO8GkF+asQI=",
        "owner": "markspanbroek",
        "repo": "questionable",
        "rev": "d7e9f0bf7fec14df13a26e699437a2fe577b26ba",
        "type": "github"
      },
      "original": {
        "owner": "markspanbroek",
        "ref": "refs/tags/0.10.3",
        "repo": "questionable",
        "type": "github"
      }
    },
    "src-questionable-0_10_3_2": {
      "flake": false,
      "locked": {
        "lastModified": 1649059013,
        "narHash": "sha256-mEDEG6ThA5W/OMTzrIMHJkR3CDBOWqouTO8GkF+asQI=",
        "owner": "markspanbroek",
        "repo": "questionable",
        "rev": "d7e9f0bf7fec14df13a26e699437a2fe577b26ba",
        "type": "github"
      },
      "original": {
        "owner": "markspanbroek",
        "ref": "refs/tags/0.10.3",
        "repo": "questionable",
        "type": "github"
      }
    },
    "src-secp256k1-master": {
      "flake": false,
      "locked": {
        "lastModified": 1641922114,
        "narHash": "sha256-M1GUiXEqac6UfH+LBFnF10OWjO1yX+RDaPas0/i/9uk=",
        "owner": "status-im",
        "repo": "nim-secp256k1",
        "rev": "e092373a5cbe1fa25abfc62e0f2a5f138dc3fb13",
        "type": "github"
      },
      "original": {
        "owner": "status-im",
        "ref": "refs/heads/master",
        "repo": "nim-secp256k1",
        "type": "github"
      }
    },
    "src-stew-master": {
      "flake": false,
      "locked": {
        "lastModified": 1648728270,
        "narHash": "sha256-Nv9hz5vWr5ziMRuQ+H79j23fhA9kLQiaSpwP/WO0eOc=",
        "owner": "status-im",
        "repo": "nim-stew",
        "rev": "cdb1f213d073fd2ecbdaf35a866417657da9294c",
        "type": "github"
      },
      "original": {
        "owner": "status-im",
        "ref": "refs/heads/master",
        "repo": "nim-stew",
        "type": "github"
      }
    },
    "src-stew-master_2": {
      "flake": false,
      "locked": {
        "lastModified": 1648728270,
        "narHash": "sha256-Nv9hz5vWr5ziMRuQ+H79j23fhA9kLQiaSpwP/WO0eOc=",
        "owner": "status-im",
        "repo": "nim-stew",
        "rev": "cdb1f213d073fd2ecbdaf35a866417657da9294c",
        "type": "github"
      },
      "original": {
        "owner": "status-im",
        "ref": "refs/heads/master",
        "repo": "nim-stew",
        "type": "github"
      }
    },
    "src-stew-master_3": {
      "flake": false,
      "locked": {
        "lastModified": 1648728270,
        "narHash": "sha256-Nv9hz5vWr5ziMRuQ+H79j23fhA9kLQiaSpwP/WO0eOc=",
        "owner": "status-im",
        "repo": "nim-stew",
        "rev": "cdb1f213d073fd2ecbdaf35a866417657da9294c",
        "type": "github"
      },
      "original": {
        "owner": "status-im",
        "ref": "refs/heads/master",
        "repo": "nim-stew",
        "type": "github"
      }
    },
    "src-stew-master_4": {
      "flake": false,
      "locked": {
        "lastModified": 1648728270,
        "narHash": "sha256-Nv9hz5vWr5ziMRuQ+H79j23fhA9kLQiaSpwP/WO0eOc=",
        "owner": "status-im",
        "repo": "nim-stew",
        "rev": "cdb1f213d073fd2ecbdaf35a866417657da9294c",
        "type": "github"
      },
      "original": {
        "owner": "status-im",
        "ref": "refs/heads/master",
        "repo": "nim-stew",
        "type": "github"
      }
    },
    "src-stew-master_5": {
      "flake": false,
      "locked": {
        "lastModified": 1648728270,
        "narHash": "sha256-Nv9hz5vWr5ziMRuQ+H79j23fhA9kLQiaSpwP/WO0eOc=",
        "owner": "status-im",
        "repo": "nim-stew",
        "rev": "cdb1f213d073fd2ecbdaf35a866417657da9294c",
        "type": "github"
      },
      "original": {
        "owner": "status-im",
        "ref": "refs/heads/master",
        "repo": "nim-stew",
        "type": "github"
      }
    },
    "src-stint-master": {
      "flake": false,
      "locked": {
        "lastModified": 1649317991,
        "narHash": "sha256-LjAaoHSCR+k1nsGlTJ889SXyCLUOlmt0WZghzsLOQ6M=",
        "owner": "status-im",
        "repo": "nim-stint",
        "rev": "c05f75a8dae5f0066db5008dbe41a803ecbfbbcf",
        "type": "github"
      },
      "original": {
        "owner": "status-im",
        "ref": "refs/heads/master",
        "repo": "nim-stint",
        "type": "github"
      }
    },
    "src-stint-master_2": {
      "flake": false,
      "locked": {
        "lastModified": 1649317991,
        "narHash": "sha256-LjAaoHSCR+k1nsGlTJ889SXyCLUOlmt0WZghzsLOQ6M=",
        "owner": "status-im",
        "repo": "nim-stint",
        "rev": "c05f75a8dae5f0066db5008dbe41a803ecbfbbcf",
        "type": "github"
      },
      "original": {
        "owner": "status-im",
        "ref": "refs/heads/master",
        "repo": "nim-stint",
        "type": "github"
      }
    },
    "src-upraises-0_1_0": {
      "flake": false,
      "locked": {
        "lastModified": 1617265918,
        "narHash": "sha256-x91WJsDm4rgox0WloAmjeBJVv+xyJUwcvBD+kA2anEk=",
        "owner": "markspanbroek",
        "repo": "upraises",
        "rev": "d9f268db1021959fe0f2c7a5e49fba741f9932a0",
        "type": "github"
      },
      "original": {
        "owner": "markspanbroek",
        "ref": "refs/tags/0.1.0",
        "repo": "upraises",
        "type": "github"
      }
    },
    "src-upraises-0_1_0_2": {
      "flake": false,
      "locked": {
        "lastModified": 1617265918,
        "narHash": "sha256-x91WJsDm4rgox0WloAmjeBJVv+xyJUwcvBD+kA2anEk=",
        "owner": "markspanbroek",
        "repo": "upraises",
        "rev": "d9f268db1021959fe0f2c7a5e49fba741f9932a0",
        "type": "github"
      },
      "original": {
        "owner": "markspanbroek",
        "ref": "refs/tags/0.1.0",
        "repo": "upraises",
        "type": "github"
      }
    },
    "stew": {
      "inputs": {
        "flakeNimbleLib": [
          "contractabi",
          "flakeNimbleLib"
        ],
        "nixpkgs": [
          "contractabi",
          "nixpkgs"
        ],
        "src-stew-master": "src-stew-master"
      },
      "locked": {
        "dir": "master",
        "lastModified": 1650754410,
        "narHash": "sha256-Yx/tI82gM0/my0Y4eZ/4FotK1zuDtaSCiCYOXv6YEh0=",
        "owner": "nim-nix-pkgs",
        "repo": "stew",
        "rev": "f6a3b32f0bdecbfb3fd5077f33296fd5724eb593",
        "type": "github"
      },
      "original": {
        "dir": "master",
        "owner": "nim-nix-pkgs",
        "ref": "master",
        "repo": "stew",
        "type": "github"
      }
    },
    "stew_2": {
      "inputs": {
        "flakeNimbleLib": [
          "stint",
          "flakeNimbleLib"
        ],
        "nixpkgs": [
          "stint",
          "nixpkgs"
        ],
        "src-stew-master": "src-stew-master_2"
      },
      "locked": {
        "dir": "master",
        "lastModified": 1650754410,
        "narHash": "sha256-Yx/tI82gM0/my0Y4eZ/4FotK1zuDtaSCiCYOXv6YEh0=",
        "owner": "nim-nix-pkgs",
        "repo": "stew",
        "rev": "f6a3b32f0bdecbfb3fd5077f33296fd5724eb593",
        "type": "github"
      },
      "original": {
        "dir": "master",
        "owner": "nim-nix-pkgs",
        "ref": "master",
        "repo": "stew",
        "type": "github"
      }
    },
    "stew_3": {
      "inputs": {
        "flakeNimbleLib": [
          "secp256k1",
          "flakeNimbleLib"
        ],
        "nixpkgs": [
          "secp256k1",
          "nixpkgs"
        ],
        "src-stew-master": "src-stew-master_3"
      },
      "locked": {
        "dir": "master",
        "lastModified": 1651918478,
        "narHash": "sha256-wiBtwRip0VLMYncSUDT8eXhLiHv8FIKGbWLLYkcjBOM=",
        "owner": "nim-nix-pkgs",
        "repo": "stew",
        "rev": "889d0cefb3c565138000d466af4162c6b4adb91e",
        "type": "github"
      },
      "original": {
        "dir": "master",
        "owner": "nim-nix-pkgs",
        "ref": "master",
        "repo": "stew",
        "type": "github"
      }
    },
    "stew_4": {
      "inputs": {
        "flakeNimbleLib": [
          "flakeNimbleLib"
        ],
        "nixpkgs": [
          "nixpkgs"
        ],
        "src-stew-master": "src-stew-master_4"
      },
      "locked": {
        "dir": "master",
        "lastModified": 1651918478,
        "narHash": "sha256-wiBtwRip0VLMYncSUDT8eXhLiHv8FIKGbWLLYkcjBOM=",
        "owner": "nim-nix-pkgs",
        "repo": "stew",
        "rev": "889d0cefb3c565138000d466af4162c6b4adb91e",
        "type": "github"
      },
      "original": {
        "dir": "master",
        "owner": "nim-nix-pkgs",
        "ref": "master",
        "repo": "stew",
        "type": "github"
      }
    },
    "stew_5": {
      "inputs": {
        "flakeNimbleLib": [
          "stint",
          "flakeNimbleLib"
        ],
        "nixpkgs": [
          "stint",
          "nixpkgs"
        ],
        "src-stew-master": "src-stew-master_5"
      },
      "locked": {
        "dir": "master",
        "lastModified": 1651918478,
        "narHash": "sha256-wiBtwRip0VLMYncSUDT8eXhLiHv8FIKGbWLLYkcjBOM=",
        "owner": "nim-nix-pkgs",
        "repo": "stew",
        "rev": "889d0cefb3c565138000d466af4162c6b4adb91e",
        "type": "github"
      },
      "original": {
        "dir": "master",
        "owner": "nim-nix-pkgs",
        "ref": "master",
        "repo": "stew",
        "type": "github"
      }
    },
    "stint": {
      "inputs": {
        "flakeNimbleLib": [
          "contractabi",
          "flakeNimbleLib"
        ],
        "nixpkgs": [
          "contractabi",
          "nixpkgs"
        ],
        "src-stint-master": "src-stint-master",
        "stew": "stew_2"
      },
      "locked": {
        "dir": "master",
        "lastModified": 1650755505,
        "narHash": "sha256-Cen3HpXNp0ABxz5f1dYUslekadGkU+teTsb6U+4Bez8=",
        "owner": "nim-nix-pkgs",
        "repo": "stint",
        "rev": "2ff708787ba0e23bcf8d8707ac9f1dc50bffb30b",
        "type": "github"
      },
      "original": {
        "dir": "master",
        "owner": "nim-nix-pkgs",
        "ref": "master",
        "repo": "stint",
        "type": "github"
      }
    },
    "stint_2": {
      "inputs": {
        "flakeNimbleLib": [
          "flakeNimbleLib"
        ],
        "nixpkgs": [
          "nixpkgs"
        ],
        "src-stint-master": "src-stint-master_2",
        "stew": "stew_5"
      },
      "locked": {
        "dir": "master",
        "lastModified": 1651919141,
        "narHash": "sha256-1Rkme2zvdrQgyOlmSaQyC7TH+cGsvz3dGYKmyAfDHjg=",
        "owner": "nim-nix-pkgs",
        "repo": "stint",
        "rev": "0f729ff5287c560509f0b7094082d0b7b1d5208e",
        "type": "github"
      },
      "original": {
        "dir": "master",
        "owner": "nim-nix-pkgs",
        "ref": "master",
        "repo": "stint",
        "type": "github"
      }
    },
    "upraises": {
      "inputs": {
        "flakeNimbleLib": [
          "contractabi",
          "flakeNimbleLib"
        ],
        "nixpkgs": [
          "contractabi",
          "nixpkgs"
        ],
        "src-upraises-0_1_0": "src-upraises-0_1_0"
      },
      "locked": {
        "dir": "0_1_0",
        "lastModified": 1650750658,
        "narHash": "sha256-2IgNvmal8VKTrZEGu7SHKZ+M0Ib38UmBLw71UnZRrZ8=",
        "owner": "nim-nix-pkgs",
        "repo": "upraises",
        "rev": "3bd13727c724f753ec3fcdab87d415b1187587c5",
        "type": "github"
      },
      "original": {
        "dir": "0_1_0",
        "owner": "nim-nix-pkgs",
        "ref": "master",
        "repo": "upraises",
        "type": "github"
      }
    },
    "upraises_2": {
      "inputs": {
        "flakeNimbleLib": [
          "flakeNimbleLib"
        ],
        "nixpkgs": [
          "nixpkgs"
        ],
        "src-upraises-0_1_0": "src-upraises-0_1_0_2"
      },
      "locked": {
        "dir": "0_1_0",
        "lastModified": 1651918561,
        "narHash": "sha256-+dehGu1htxtKV8uzk1kKQO3EALcAJa3umovOiKXQm+8=",
        "owner": "nim-nix-pkgs",
        "repo": "upraises",
        "rev": "668fd40af86e9ad53fae369ebf3fdc379cca6719",
        "type": "github"
      },
      "original": {
        "dir": "0_1_0",
        "owner": "nim-nix-pkgs",
        "ref": "master",
        "repo": "upraises",
        "type": "github"
      }
    }
  },
  "root": "root",
  "version": 7
}
